
Microsoft Visual Studio Solution File, Format Version 12.00
# Visual Studio Version 17
VisualStudioVersion = 17.9.34407.89
MinimumVisualStudioVersion = 10.0.40219.1
Project("{9A19103F-16F7-4668-BE54-9A1E7A4F7556}") = "KING_ZADATAK", "KING_ZADATAK.csproj", "{34D39723-7BD2-42E4-B798-D02EE914A0E3}"
EndProject
Project("{FAE04EC0-301F-11D3-BF4B-00C04F79EFBC}") = "KING_ZAFATAK_TEST", "..\KING_ZAFATAK_TEST\KING_ZAFATAK_TEST.csproj", "{D0EF3754-F3A3-4900-A21C-0D77EB8026CD}"
EndProject
Global
	GlobalSection(SolutionConfigurationPlatforms) = preSolution
		Debug|Any CPU = Debug|Any CPU
		Release|Any CPU = Release|Any CPU
	EndGlobalSection
	GlobalSection(ProjectConfigurationPlatforms) = postSolution
		{34D39723-7BD2-42E4-B798-D02EE914A0E3}.Debug|Any CPU.ActiveCfg = Debug|Any CPU
		{34D39723-7BD2-42E4-B798-D02EE914A0E3}.Debug|Any CPU.Build.0 = Debug|Any CPU
		{34D39723-7BD2-42E4-B798-D02EE914A0E3}.Release|Any CPU.ActiveCfg = Release|Any CPU
		{34D39723-7BD2-42E4-B798-D02EE914A0E3}.Release|Any CPU.Build.0 = Release|Any CPU
		{D0EF3754-F3A3-4900-A21C-0D77EB8026CD}.Debug|Any CPU.ActiveCfg = Debug|Any CPU
		{D0EF3754-F3A3-4900-A21C-0D77EB8026CD}.Debug|Any CPU.Build.0 = Debug|Any CPU
		{D0EF3754-F3A3-4900-A21C-0D77EB8026CD}.Release|Any CPU.ActiveCfg = Release|Any CPU
		{D0EF3754-F3A3-4900-A21C-0D77EB8026CD}.Release|Any CPU.Build.0 = Release|Any CPU
	EndGlobalSection
	GlobalSection(SolutionProperties) = preSolution
		HideSolutionNode = FALSE
	EndGlobalSection
	GlobalSection(ExtensibilityGlobals) = postSolution
		SolutionGuid = {3DE6E48A-F487-4F64-8703-943E073CC15E}
	EndGlobalSection
EndGlobal
